
Microsoft Visual Studio Solution File, Format Version 12.00
# Visual Studio Version 17
VisualStudioVersion = 17.11.35327.3
MinimumVisualStudioVersion = 10.0.40219.1
Project("{FAE04EC0-301F-11D3-BF4B-00C04F79EFBC}") = "MusicPlayer", "MusicPlayer\MusicPlayer.csproj", "{8F138638-93EF-4A6E-95F8-C8D53EE33252}"
EndProject
Project("{FAE04EC0-301F-11D3-BF4B-00C04F79EFBC}") = "MP.BLL", "MP.BLL\MP.BLL.csproj", "{D492FBBC-391A-404F-8EEA-BD162CA018DA}"
EndProject
Project("{FAE04EC0-301F-11D3-BF4B-00C04F79EFBC}") = "MB.DAL", "MB.DAL\MB.DAL.csproj", "{2E08FEAC-BC8A-40C0-9358-FDA8801C7FB6}"
EndProject
Global
	GlobalSection(SolutionConfigurationPlatforms) = preSolution
		Debug|Any CPU = Debug|Any CPU
		Release|Any CPU = Release|Any CPU
	EndGlobalSection
	GlobalSection(ProjectConfigurationPlatforms) = postSolution
		{8F138638-93EF-4A6E-95F8-C8D53EE33252}.Debug|Any CPU.ActiveCfg = Debug|Any CPU
		{8F138638-93EF-4A6E-95F8-C8D53EE33252}.Debug|Any CPU.Build.0 = Debug|Any CPU
		{8F138638-93EF-4A6E-95F8-C8D53EE33252}.Release|Any CPU.ActiveCfg = Release|Any CPU
		{8F138638-93EF-4A6E-95F8-C8D53EE33252}.Release|Any CPU.Build.0 = Release|Any CPU
		{D492FBBC-391A-404F-8EEA-BD162CA018DA}.Debug|Any CPU.ActiveCfg = Debug|Any CPU
		{D492FBBC-391A-404F-8EEA-BD162CA018DA}.Debug|Any CPU.Build.0 = Debug|Any CPU
		{D492FBBC-391A-404F-8EEA-BD162CA018DA}.Release|Any CPU.ActiveCfg = Release|Any CPU
		{D492FBBC-391A-404F-8EEA-BD162CA018DA}.Release|Any CPU.Build.0 = Release|Any CPU
		{2E08FEAC-BC8A-40C0-9358-FDA8801C7FB6}.Debug|Any CPU.ActiveCfg = Debug|Any CPU
		{2E08FEAC-BC8A-40C0-9358-FDA8801C7FB6}.Debug|Any CPU.Build.0 = Debug|Any CPU
		{2E08FEAC-BC8A-40C0-9358-FDA8801C7FB6}.Release|Any CPU.ActiveCfg = Release|Any CPU
		{2E08FEAC-BC8A-40C0-9358-FDA8801C7FB6}.Release|Any CPU.Build.0 = Release|Any CPU
	EndGlobalSection
	GlobalSection(SolutionProperties) = preSolution
		HideSolutionNode = FALSE
	EndGlobalSection
	GlobalSection(ExtensibilityGlobals) = postSolution
		SolutionGuid = {01C469C8-8639-4BFF-A5A2-3D2722233D89}
	EndGlobalSection
EndGlobal
